
Microsoft Visual Studio Solution File, Format Version 12.00
# Visual Studio 14
VisualStudioVersion = 14.0.25420.1
MinimumVisualStudioVersion = 10.0.40219.1
Project("{FAE04EC0-301F-11D3-BF4B-00C04F79EFBC}") = "SoccerBounce", "SoccerBounce\SoccerBounce.csproj", "{8BE1419A-BF2E-47F6-B2FB-0C978871C79D}"
EndProject
Project("{FAE04EC0-301F-11D3-BF4B-00C04F79EFBC}") = "SoccerBounce_Pt1", "..\Game2\Game2\SoccerBounce_Pt1.csproj", "{1390B4D6-C702-4835-B066-5872F6B1EBF1}"
EndProject
Project("{FAE04EC0-301F-11D3-BF4B-00C04F79EFBC}") = "SoccerBounce_Pt2", "..\Game3\Game3\SoccerBounce_Pt2.csproj", "{009C6FF2-6529-4AA0-A034-C921197ADF71}"
EndProject
Global
	GlobalSection(SolutionConfigurationPlatforms) = preSolution
		Debug|x86 = Debug|x86
		Release|x86 = Release|x86
	EndGlobalSection
	GlobalSection(ProjectConfigurationPlatforms) = postSolution
		{8BE1419A-BF2E-47F6-B2FB-0C978871C79D}.Debug|x86.ActiveCfg = Debug|x86
		{8BE1419A-BF2E-47F6-B2FB-0C978871C79D}.Debug|x86.Build.0 = Debug|x86
		{8BE1419A-BF2E-47F6-B2FB-0C978871C79D}.Release|x86.ActiveCfg = Release|x86
		{8BE1419A-BF2E-47F6-B2FB-0C978871C79D}.Release|x86.Build.0 = Release|x86
		{1390B4D6-C702-4835-B066-5872F6B1EBF1}.Debug|x86.ActiveCfg = Debug|x86
		{1390B4D6-C702-4835-B066-5872F6B1EBF1}.Debug|x86.Build.0 = Debug|x86
		{1390B4D6-C702-4835-B066-5872F6B1EBF1}.Release|x86.ActiveCfg = Release|x86
		{1390B4D6-C702-4835-B066-5872F6B1EBF1}.Release|x86.Build.0 = Release|x86
		{009C6FF2-6529-4AA0-A034-C921197ADF71}.Debug|x86.ActiveCfg = Debug|x86
		{009C6FF2-6529-4AA0-A034-C921197ADF71}.Debug|x86.Build.0 = Debug|x86
		{009C6FF2-6529-4AA0-A034-C921197ADF71}.Release|x86.ActiveCfg = Release|x86
		{009C6FF2-6529-4AA0-A034-C921197ADF71}.Release|x86.Build.0 = Release|x86
	EndGlobalSection
	GlobalSection(SolutionProperties) = preSolution
		HideSolutionNode = FALSE
	EndGlobalSection
EndGlobal
